
Microsoft Visual Studio Solution File, Format Version 12.00
# Visual Studio Version 16
VisualStudioVersion = 16.0.29318.209
MinimumVisualStudioVersion = 10.0.40219.1
Project("{FAE04EC0-301F-11D3-BF4B-00C04F79EFBC}") = "Hexagon_Path_Plan", "Hexagon_Path_Plan.csproj", "{3DA243C8-3EE7-42EA-BFC2-FCD22A731CA2}"
EndProject
Global
	GlobalSection(SolutionConfigurationPlatforms) = preSolution
		Debug|Any CPU = Debug|Any CPU
		Release|Any CPU = Release|Any CPU
	EndGlobalSection
	GlobalSection(ProjectConfigurationPlatforms) = postSolution
		{3DA243C8-3EE7-42EA-BFC2-FCD22A731CA2}.Debug|Any CPU.ActiveCfg = Debug|Any CPU
		{3DA243C8-3EE7-42EA-BFC2-FCD22A731CA2}.Debug|Any CPU.Build.0 = Debug|Any CPU
		{3DA243C8-3EE7-42EA-BFC2-FCD22A731CA2}.Release|Any CPU.ActiveCfg = Release|Any CPU
		{3DA243C8-3EE7-42EA-BFC2-FCD22A731CA2}.Release|Any CPU.Build.0 = Release|Any CPU
	EndGlobalSection
	GlobalSection(SolutionProperties) = preSolution
		HideSolutionNode = FALSE
	EndGlobalSection
	GlobalSection(ExtensibilityGlobals) = postSolution
		SolutionGuid = {5AED5C9C-900A-4346-A3B4-FFEBCA37CA41}
	EndGlobalSection
EndGlobal
